# THIS IS AN AUTOGENERATED FILE. DO NOT EDIT THIS FILE DIRECTLY.
# yarn lockfile v1
bignumber.js@2.3.0:
  version "2.3.0"
  resolved "https://registry.yarnpkg.com/bignumber.js/-/bignumber.js-2.3.0.tgz#597a02d791edc3d64f17850e21789e7a4095df66"

case@*:
  version "1.4.1"
  resolved "https://registry.yarnpkg.com/case/-/case-1.4.1.tgz#92febc69253fd87145212e0bdd16ba6c39fcfc2d"

core-util-is@~1.0.0:
  version "1.0.2"
  resolved "https://registry.yarnpkg.com/core-util-is/-/core-util-is-1.0.2.tgz#b5fd54220aa2bc5ab57aab7140c940754503c1a7"

inherits@~2.0.1:
  version "2.0.3"
  resolved "https://registry.yarnpkg.com/inherits/-/inherits-2.0.3.tgz#633c2c83e3da42a502f52466022480f4208261de"

isarray@0.0.1:
  version "0.0.1"
  resolved "https://registry.yarnpkg.com/isarray/-/isarray-0.0.1.tgz#8a18acfca9a8f4177e09abfc6038939b05d1eedf"

mysql@*:
  version "2.11.1"
  resolved "https://registry.yarnpkg.com/mysql/-/mysql-2.11.1.tgz#7bdbfda477141fd15eeec2b710320c0d20ce7d08"
  dependencies:
    bignumber.js "2.3.0"
    readable-stream "1.1.14"
    sqlstring "2.0.1"

readable-stream@1.1.14:
  version "1.1.14"
  resolved "https://registry.yarnpkg.com/readable-stream/-/readable-stream-1.1.14.tgz#7cf4c54ef648e3813084c636dd2079e166c081d9"
  dependencies:
    core-util-is "~1.0.0"
    inherits "~2.0.1"
    isarray "0.0.1"
    string_decoder "~0.10.x"

sqlstring@2.0.1:
  version "2.0.1"
  resolved "https://registry.yarnpkg.com/sqlstring/-/sqlstring-2.0.1.tgz#bcd3c3931af1a5ab7d54a558eb3563ca3d378b98"

string_decoder@~0.10.x:
  version "0.10.31"
  resolved "https://registry.yarnpkg.com/string_decoder/-/string_decoder-0.10.31.tgz#62e203bc41766c6c28c9fc84301dab1c5310fa94"

